{
  "object": {
    "pins": [
      {
        "package": "Clause",
        "repositoryURL": "https://github.com/DG0BAB/Clause.git",
        "state": {
          "branch": "master",
          "revision": "383c16cdf42e4d0114cf059fdbb48454e6a061ca",
          "version": null
        }
      },
      {
        "package": "Fehlerteufel",
        "repositoryURL": "https://github.com/DG0BAB/Fehlerteufel.git",
        "state": {
          "branch": "develop",
          "revision": "ed3fbc0d39f92326ef240bb625473eaeec71bad4",
          "version": null
        }
      },
      {
        "package": "PetiteLogger",
        "repositoryURL": "https://github.com/DG0BAB/PetiteLogger.git",
        "state": {
          "branch": "master",
          "revision": "4c9066ecf6359a588aaa2e63fda1298660568d27",
          "version": null
        }
      }
    ]
  },
  "version": 1
}
